
Microsoft Visual Studio Solution File, Format Version 12.00
# Visual Studio Version 16
VisualStudioVersion = 16.0.30611.23
MinimumVisualStudioVersion = 10.0.40219.1
Project("{FAE04EC0-301F-11D3-BF4B-00C04F79EFBC}") = "clinicDeno", "clinicDeno\clinicDeno.csproj", "{29A797F6-8E19-4550-99E7-929F54321780}"
	ProjectSection(ProjectDependencies) = postProject
		{C8613579-AEA9-4D61-84D3-86147B4499FC} = {C8613579-AEA9-4D61-84D3-86147B4499FC}
	EndProjectSection
EndProject
Project("{FAE04EC0-301F-11D3-BF4B-00C04F79EFBC}") = "clinicDenoDB", "clinicDenoDB\clinicDenoDB.csproj", "{C8613579-AEA9-4D61-84D3-86147B4499FC}"
EndProject
Global
	GlobalSection(SolutionConfigurationPlatforms) = preSolution
		Debug|Any CPU = Debug|Any CPU
		Release|Any CPU = Release|Any CPU
	EndGlobalSection
	GlobalSection(ProjectConfigurationPlatforms) = postSolution
		{29A797F6-8E19-4550-99E7-929F54321780}.Debug|Any CPU.ActiveCfg = Debug|Any CPU
		{29A797F6-8E19-4550-99E7-929F54321780}.Debug|Any CPU.Build.0 = Debug|Any CPU
		{29A797F6-8E19-4550-99E7-929F54321780}.Release|Any CPU.ActiveCfg = Release|Any CPU
		{29A797F6-8E19-4550-99E7-929F54321780}.Release|Any CPU.Build.0 = Release|Any CPU
		{C8613579-AEA9-4D61-84D3-86147B4499FC}.Debug|Any CPU.ActiveCfg = Debug|Any CPU
		{C8613579-AEA9-4D61-84D3-86147B4499FC}.Debug|Any CPU.Build.0 = Debug|Any CPU
		{C8613579-AEA9-4D61-84D3-86147B4499FC}.Release|Any CPU.ActiveCfg = Release|Any CPU
		{C8613579-AEA9-4D61-84D3-86147B4499FC}.Release|Any CPU.Build.0 = Release|Any CPU
	EndGlobalSection
	GlobalSection(SolutionProperties) = preSolution
		HideSolutionNode = FALSE
	EndGlobalSection
	GlobalSection(ExtensibilityGlobals) = postSolution
		SolutionGuid = {FB43D0CB-0977-4C65-8FB8-ADB3F87490E4}
	EndGlobalSection
EndGlobal
